
Microsoft Visual Studio Solution File, Format Version 12.00
# Visual Studio 15
VisualStudioVersion = 15.0.28307.779
MinimumVisualStudioVersion = 10.0.40219.1
Project("{888888A0-9F3D-457C-B088-3A5042F75D52}") = "shutdownPy", "shutdownPy.pyproj", "{88F6C777-A4A6-41FF-9268-DED0D462E82E}"
EndProject
Global
	GlobalSection(SolutionConfigurationPlatforms) = preSolution
		Debug|Any CPU = Debug|Any CPU
		Release|Any CPU = Release|Any CPU
	EndGlobalSection
	GlobalSection(ProjectConfigurationPlatforms) = postSolution
		{88F6C777-A4A6-41FF-9268-DED0D462E82E}.Debug|Any CPU.ActiveCfg = Debug|Any CPU
		{88F6C777-A4A6-41FF-9268-DED0D462E82E}.Release|Any CPU.ActiveCfg = Release|Any CPU
	EndGlobalSection
	GlobalSection(SolutionProperties) = preSolution
		HideSolutionNode = FALSE
	EndGlobalSection
	GlobalSection(ExtensibilityGlobals) = postSolution
		SolutionGuid = {072FFEEE-318A-48A0-8226-66783BF29BA9}
	EndGlobalSection
EndGlobal
